<?xml version="1.0" encoding="utf-8"?>
<Project ToolsVersion="4.0" xmlns="http://schemas.microsoft.com/developer/msbuild/2003">
  <ItemGroup>
    <Filter Include="源文件">
      <UniqueIdentifier>{4FC737F1-C7A5-4376-A066-2A32D752A2FF}</UniqueIdentifier>
      <Extensions>cpp;c;cc;cxx;def;odl;idl;hpj;bat;asm;asmx</Extensions>
    </Filter>
    <Filter Include="头文件">
      <UniqueIdentifier>{93995380-89BD-4b04-88EB-625FBE52EBFB}</UniqueIdentifier>
      <Extensions>h;hh;hpp;hxx;hm;inl;inc;ipp;xsd</Extensions>
    </Filter>
    <Filter Include="资源文件">
      <UniqueIdentifier>{67DA6AB6-F800-4c08-8B7A-83BB121AAD01}</UniqueIdentifier>
      <Extensions>rc;ico;cur;bmp;dlg;rc2;rct;bin;rgs;gif;jpg;jpeg;jpe;resx;tiff;tif;png;wav;mfcribbon-ms</Extensions>
    </Filter>
    <Filter Include="头文件\E_A">
      <UniqueIdentifier>{fc084e2a-dd56-49b8-a3eb-cf19368d8aba}</UniqueIdentifier>
    </Filter>
    <Filter Include="源文件\E_A">
      <UniqueIdentifier>{863ce6a7-97b4-4286-8b9b-e6ed066089a3}</UniqueIdentifier>
    </Filter>
    <Filter Include="头文件\E_B">
      <UniqueIdentifier>{47beb3f1-d91d-4aab-8548-f35df389b269}</UniqueIdentifier>
    </Filter>
  </ItemGroup>
  <ItemGroup>
    <ClInclude Include="pch.h">
      <Filter>头文件</Filter>
    </ClInclude>
    <ClInclude Include="E_A\E001.h">
      <Filter>头文件\E_A</Filter>
    </ClInclude>
    <ClInclude Include="E_A\E002.h">
      <Filter>头文件\E_A</Filter>
    </ClInclude>
    <ClInclude Include="E_A\E003.h">
      <Filter>头文件\E_A</Filter>
    </ClInclude>
    <ClInclude Include="E_A\E004.h">
      <Filter>头文件</Filter>
    </ClInclude>
    <ClInclude Include="E_A\E005.h">
      <Filter>头文件\E_A</Filter>
    </ClInclude>
    <ClInclude Include="E_A\E006.h">
      <Filter>头文件\E_A</Filter>
    </ClInclude>
    <ClInclude Include="E_A\E007.h">
      <Filter>头文件\E_A</Filter>
    </ClInclude>
    <ClInclude Include="E_A\E008.h">
      <Filter>头文件\E_A</Filter>
    </ClInclude>
    <ClInclude Include="E_A\E009.h">
      <Filter>头文件\E_A</Filter>
    </ClInclude>
    <ClInclude Include="E_A\E010.h">
      <Filter>头文件\E_A</Filter>
    </ClInclude>
    <ClInclude Include="E_A\E011.h">
      <Filter>头文件\E_A</Filter>
    </ClInclude>
    <ClInclude Include="E_A\E012.h">
      <Filter>头文件\E_A</Filter>
    </ClInclude>
    <ClInclude Include="E_A\E013.h">
      <Filter>头文件\E_A</Filter>
    </ClInclude>
  </ItemGroup>
  <ItemGroup>
    <ClCompile Include="pch.cpp">
      <Filter>源文件</Filter>
    </ClCompile>
    <ClCompile Include="AlgorithmExercises.cpp">
      <Filter>源文件</Filter>
    </ClCompile>
  </ItemGroup>
</Project>